{
    "name": "@raiment/raiment-chdir",
    "version": "1.0.2",
    "lockfileVersion": 2,
    "requires": true,
    "packages": {
        "": {
            "name": "@raiment/raiment-chdir",
            "version": "1.0.2",
            "license": "MIT",
            "dependencies": {
                "@raiment/core": "^0.1.2"
            },
            "bin": {
                "raiment-chdir": "src/cli.js"
            }
        },
        "../../../lib/core": {
            "name": "@raiment/core",
            "version": "0.1.0",
            "extraneous": true,
            "dependencies": {
                "js-levenshtein": "^1.1.6",
                "mersenne-twister": "^1.1.0",
                "nanoid": "^3.3.1",
                "yaml": "^1.10.2"
            },
            "devDependencies": {
                "esbuild-jest": "^0.5.0",
                "jest": "^27.5.1"
            }
        },
        "node_modules/@raiment/core": {
            "version": "0.1.2",
            "resolved": "https://registry.npmjs.org/@raiment/core/-/core-0.1.2.tgz",
            "integrity": "sha512-kYBWWdhKVMyLlTmQ8qL9eIisdurq3WIxXE7IITcGHSCSk1GPH8jtJsAaEvaIIN8eA1C3lW3ISnEai+4rnz01ng==",
            "dependencies": {
                "js-levenshtein": "^1.1.6",
                "mersenne-twister": "^1.1.0",
                "nanoid": "^3.3.1",
                "yaml": "^1.10.2"
            }
        },
        "node_modules/js-levenshtein": {
            "version": "1.1.6",
            "resolved": "https://registry.npmjs.org/js-levenshtein/-/js-levenshtein-1.1.6.tgz",
            "integrity": "sha512-X2BB11YZtrRqY4EnQcLX5Rh373zbK4alC1FW7D7MBhL2gtcC17cTnr6DmfHZeS0s2rTHjUTMMHfG7gO8SSdw+g==",
            "engines": {
                "node": ">=0.10.0"
            }
        },
        "node_modules/mersenne-twister": {
            "version": "1.1.0",
            "resolved": "https://registry.npmjs.org/mersenne-twister/-/mersenne-twister-1.1.0.tgz",
            "integrity": "sha1-+RZhjuQ9cXnvz2Qb7EUx65Zwl4o="
        },
        "node_modules/nanoid": {
            "version": "3.3.2",
            "resolved": "https://registry.npmjs.org/nanoid/-/nanoid-3.3.2.tgz",
            "integrity": "sha512-CuHBogktKwpm5g2sRgv83jEy2ijFzBwMoYA60orPDR7ynsLijJDqgsi4RDGj3OJpy3Ieb+LYwiRmIOGyytgITA==",
            "bin": {
                "nanoid": "bin/nanoid.cjs"
            },
            "engines": {
                "node": "^10 || ^12 || ^13.7 || ^14 || >=15.0.1"
            }
        },
        "node_modules/yaml": {
            "version": "1.10.2",
            "resolved": "https://registry.npmjs.org/yaml/-/yaml-1.10.2.tgz",
            "integrity": "sha512-r3vXyErRCYJ7wg28yvBY5VSoAF8ZvlcW9/BwUzEtUsjvX/DKs24dIkuwjtuprwJJHsbyUbLApepYTR1BN4uHrg==",
            "engines": {
                "node": ">= 6"
            }
        }
    },
    "dependencies": {
        "@raiment/core": {
            "version": "0.1.2",
            "resolved": "https://registry.npmjs.org/@raiment/core/-/core-0.1.2.tgz",
            "integrity": "sha512-kYBWWdhKVMyLlTmQ8qL9eIisdurq3WIxXE7IITcGHSCSk1GPH8jtJsAaEvaIIN8eA1C3lW3ISnEai+4rnz01ng==",
            "requires": {
                "js-levenshtein": "^1.1.6",
                "mersenne-twister": "^1.1.0",
                "nanoid": "^3.3.1",
                "yaml": "^1.10.2"
            }
        },
        "js-levenshtein": {
            "version": "1.1.6",
            "resolved": "https://registry.npmjs.org/js-levenshtein/-/js-levenshtein-1.1.6.tgz",
            "integrity": "sha512-X2BB11YZtrRqY4EnQcLX5Rh373zbK4alC1FW7D7MBhL2gtcC17cTnr6DmfHZeS0s2rTHjUTMMHfG7gO8SSdw+g=="
        },
        "mersenne-twister": {
            "version": "1.1.0",
            "resolved": "https://registry.npmjs.org/mersenne-twister/-/mersenne-twister-1.1.0.tgz",
            "integrity": "sha1-+RZhjuQ9cXnvz2Qb7EUx65Zwl4o="
        },
        "nanoid": {
            "version": "3.3.2",
            "resolved": "https://registry.npmjs.org/nanoid/-/nanoid-3.3.2.tgz",
            "integrity": "sha512-CuHBogktKwpm5g2sRgv83jEy2ijFzBwMoYA60orPDR7ynsLijJDqgsi4RDGj3OJpy3Ieb+LYwiRmIOGyytgITA=="
        },
        "yaml": {
            "version": "1.10.2",
            "resolved": "https://registry.npmjs.org/yaml/-/yaml-1.10.2.tgz",
            "integrity": "sha512-r3vXyErRCYJ7wg28yvBY5VSoAF8ZvlcW9/BwUzEtUsjvX/DKs24dIkuwjtuprwJJHsbyUbLApepYTR1BN4uHrg=="
        }
    }
}
